# THIS IS AN AUTOGENERATED FILE. DO NOT EDIT THIS FILE DIRECTLY.
# yarn lockfile v1


"@orchidjs/sifter@^1.0.3":
  "integrity" "sha512-zCZbwKegHytfsPm8Amcfh7v/4vHqTAaOu6xFswBYcn8nznBOuseu6COB2ON7ez0tFV0mKL0nRNnCiZZA+lU9/g=="
  "resolved" "https://registry.npmjs.org/@orchidjs/sifter/-/sifter-1.0.3.tgz"
  "version" "1.0.3"
  dependencies:
    "@orchidjs/unicode-variants" "^1.0.4"

"@orchidjs/unicode-variants@^1.0.4":
  "integrity" "sha512-NvVBRnZNE+dugiXERFsET1JlKZfM5lJDEpSMilKW4bToYJ7pxf0Zne78xyXB2ny2c2aHfJ6WLnz1AaTNHAmQeQ=="
  "resolved" "https://registry.npmjs.org/@orchidjs/unicode-variants/-/unicode-variants-1.0.4.tgz"
  "version" "1.0.4"

"sweetalert2@^11.7.27":
  "integrity" "sha512-QbRXGQn1sb7HEhzA/K2xtWIwQHh/qkSbb1w6jYcTql2xy17876lTREEt1D4X6Q0x2wHtfUjKJ+Cb8IVkRoq7DQ=="
  "resolved" "https://registry.npmjs.org/sweetalert2/-/sweetalert2-11.7.27.tgz"
  "version" "11.7.27"

"tom-select@^2.2.2":
  "integrity" "sha512-igGah1yY6yhrnN2h/Ky8I5muw/nE/YQxIsEZoYu5qaA4bsRibvKto3s8QZZosKpOd0uO8fNYhRfAwgHB4IAYew=="
  "resolved" "https://registry.npmjs.org/tom-select/-/tom-select-2.2.2.tgz"
  "version" "2.2.2"
  dependencies:
    "@orchidjs/sifter" "^1.0.3"
    "@orchidjs/unicode-variants" "^1.0.4"
